
Microsoft Visual Studio Solution File, Format Version 12.00
# Visual Studio Version 17
VisualStudioVersion = 17.4.33122.133
MinimumVisualStudioVersion = 10.0.40219.1
Project("{FAE04EC0-301F-11D3-BF4B-00C04F79EFBC}") = "opdracht 7 Test", "opdracht 7\opdracht 7 Test.csproj", "{5DD78092-79DB-4F8A-B17E-E024235AEE02}"
EndProject
Project("{FAE04EC0-301F-11D3-BF4B-00C04F79EFBC}") = "Domain", "Domain\Domain.csproj", "{9E58CD93-DA80-40FD-B4ED-D051363E3EA1}"
EndProject
Global
	GlobalSection(SolutionConfigurationPlatforms) = preSolution
		Debug|Any CPU = Debug|Any CPU
		Release|Any CPU = Release|Any CPU
	EndGlobalSection
	GlobalSection(ProjectConfigurationPlatforms) = postSolution
		{5DD78092-79DB-4F8A-B17E-E024235AEE02}.Debug|Any CPU.ActiveCfg = Debug|Any CPU
		{5DD78092-79DB-4F8A-B17E-E024235AEE02}.Debug|Any CPU.Build.0 = Debug|Any CPU
		{5DD78092-79DB-4F8A-B17E-E024235AEE02}.Release|Any CPU.ActiveCfg = Release|Any CPU
		{5DD78092-79DB-4F8A-B17E-E024235AEE02}.Release|Any CPU.Build.0 = Release|Any CPU
		{9E58CD93-DA80-40FD-B4ED-D051363E3EA1}.Debug|Any CPU.ActiveCfg = Debug|Any CPU
		{9E58CD93-DA80-40FD-B4ED-D051363E3EA1}.Debug|Any CPU.Build.0 = Debug|Any CPU
		{9E58CD93-DA80-40FD-B4ED-D051363E3EA1}.Release|Any CPU.ActiveCfg = Release|Any CPU
		{9E58CD93-DA80-40FD-B4ED-D051363E3EA1}.Release|Any CPU.Build.0 = Release|Any CPU
	EndGlobalSection
	GlobalSection(SolutionProperties) = preSolution
		HideSolutionNode = FALSE
	EndGlobalSection
	GlobalSection(ExtensibilityGlobals) = postSolution
		SolutionGuid = {BA7D2258-E975-44B1-85E9-81D980D9B65D}
	EndGlobalSection
EndGlobal
